{
  "name": "takeout_mp",
  "version": "1.0.0",
  "lockfileVersion": 1,
  "requires": true,
  "dependencies": {
    "websocket-heartbeat-miniprogram": {
      "version": "1.0.3",
      "resolved": "https://registry.npmmirror.com/websocket-heartbeat-miniprogram/-/websocket-heartbeat-miniprogram-1.0.3.tgz",
      "integrity": "sha512-oLxuIxrdBoPYH+bdoRuNOT3NcJ7dRRaRuJho4P7/KgXA464jQtyV+igeZLza9Vv12K23UjJ0ii6Xxmz3zIovcw=="
    }
  }
}
